<?xml version="1.0" encoding="utf-8"?>
<Project ToolsVersion="4.0" xmlns="http://schemas.microsoft.com/developer/msbuild/2003">
  <ItemGroup>
    <Filter Include="소스 파일">
      <UniqueIdentifier>{4FC737F1-C7A5-4376-A066-2A32D752A2FF}</UniqueIdentifier>
      <Extensions>cpp;c;cc;cxx;c++;cppm;ixx;def;odl;idl;hpj;bat;asm;asmx</Extensions>
    </Filter>
    <Filter Include="헤더 파일">
      <UniqueIdentifier>{93995380-89BD-4b04-88EB-625FBE52EBFB}</UniqueIdentifier>
      <Extensions>h;hh;hpp;hxx;h++;hm;inl;inc;ipp;xsd</Extensions>
    </Filter>
    <Filter Include="리소스 파일">
      <UniqueIdentifier>{67DA6AB6-F800-4c08-8B7A-83BB121AAD01}</UniqueIdentifier>
      <Extensions>rc;ico;cur;bmp;dlg;rc2;rct;bin;rgs;gif;jpg;jpeg;jpe;resx;tiff;tif;png;wav;mfcribbon-ms</Extensions>
    </Filter>
  </ItemGroup>
  <ItemGroup>
    <ClCompile Include="Netlib\BaseServer.cpp">
      <Filter>소스 파일</Filter>
    </ClCompile>
    <ClCompile Include="Netlib\LanClient.cpp">
      <Filter>소스 파일</Filter>
    </ClCompile>
    <ClCompile Include="include\openssl\applink.c">
      <Filter>소스 파일</Filter>
    </ClCompile>
    <ClCompile Include="LoginServer\LoginServer.cpp">
      <Filter>소스 파일</Filter>
    </ClCompile>
    <ClCompile Include="LoginServer\MonitorClient.cpp">
      <Filter>소스 파일</Filter>
    </ClCompile>
    <ClCompile Include="DBConnect\DBConnecter.cpp">
      <Filter>소스 파일</Filter>
    </ClCompile>
    <ClCompile Include="main.cpp">
      <Filter>소스 파일</Filter>
    </ClCompile>
  </ItemGroup>
  <ItemGroup>
    <ClInclude Include="Netlib\BaseServer.h">
      <Filter>헤더 파일</Filter>
    </ClInclude>
    <ClInclude Include="Netlib\CrashDump.h">
      <Filter>헤더 파일</Filter>
    </ClInclude>
    <ClInclude Include="Netlib\Define.h">
      <Filter>헤더 파일</Filter>
    </ClInclude>
    <ClInclude Include="Netlib\Encryption.h">
      <Filter>헤더 파일</Filter>
    </ClInclude>
    <ClInclude Include="Netlib\LanClient.h">
      <Filter>헤더 파일</Filter>
    </ClInclude>
    <ClInclude Include="Netlib\LanServer.h">
      <Filter>헤더 파일</Filter>
    </ClInclude>
    <ClInclude Include="Netlib\LockFreeQueue.h">
      <Filter>헤더 파일</Filter>
    </ClInclude>
    <ClInclude Include="Netlib\Log.h">
      <Filter>헤더 파일</Filter>
    </ClInclude>
    <ClInclude Include="Netlib\MemoryPoolTLS.h">
      <Filter>헤더 파일</Filter>
    </ClInclude>
    <ClInclude Include="Netlib\NetServer.h">
      <Filter>헤더 파일</Filter>
    </ClInclude>
    <ClInclude Include="Netlib\Packet.h">
      <Filter>헤더 파일</Filter>
    </ClInclude>
    <ClInclude Include="Netlib\PerfProfiler.h">
      <Filter>헤더 파일</Filter>
    </ClInclude>
    <ClInclude Include="Netlib\ProcessMonitor.h">
      <Filter>헤더 파일</Filter>
    </ClInclude>
    <ClInclude Include="Netlib\RingBuffer.h">
      <Filter>헤더 파일</Filter>
    </ClInclude>
    <ClInclude Include="Netlib\Session.h">
      <Filter>헤더 파일</Filter>
    </ClInclude>
    <ClInclude Include="Utils\CommonProtocol.h">
      <Filter>헤더 파일</Filter>
    </ClInclude>
    <ClInclude Include="DBConnect\DBConnecter.h">
      <Filter>헤더 파일</Filter>
    </ClInclude>
    <ClInclude Include="include\errmsg.h">
      <Filter>헤더 파일</Filter>
    </ClInclude>
    <ClInclude Include="include\field_types.h">
      <Filter>헤더 파일</Filter>
    </ClInclude>
    <ClInclude Include="include\my_command.h">
      <Filter>헤더 파일</Filter>
    </ClInclude>
    <ClInclude Include="include\my_compress.h">
      <Filter>헤더 파일</Filter>
    </ClInclude>
    <ClInclude Include="include\my_list.h">
      <Filter>헤더 파일</Filter>
    </ClInclude>
    <ClInclude Include="include\mysql.h">
      <Filter>헤더 파일</Filter>
    </ClInclude>
    <ClInclude Include="include\mysql_com.h">
      <Filter>헤더 파일</Filter>
    </ClInclude>
    <ClInclude Include="include\mysql_time.h">
      <Filter>헤더 파일</Filter>
    </ClInclude>
    <ClInclude Include="include\mysql_version.h">
      <Filter>헤더 파일</Filter>
    </ClInclude>
    <ClInclude Include="include\mysqld_error.h">
      <Filter>헤더 파일</Filter>
    </ClInclude>
    <ClInclude Include="include\mysqlx_ername.h">
      <Filter>헤더 파일</Filter>
    </ClInclude>
    <ClInclude Include="include\mysqlx_error.h">
      <Filter>헤더 파일</Filter>
    </ClInclude>
    <ClInclude Include="include\mysqlx_version.h">
      <Filter>헤더 파일</Filter>
    </ClInclude>
    <ClInclude Include="include\mysql\client_plugin.h">
      <Filter>헤더 파일</Filter>
    </ClInclude>
    <ClInclude Include="include\mysql\plugin_auth_common.h">
      <Filter>헤더 파일</Filter>
    </ClInclude>
    <ClInclude Include="include\mysql\udf_registration_types.h">
      <Filter>헤더 파일</Filter>
    </ClInclude>
    <ClInclude Include="LoginServer\LoginServer.h">
      <Filter>헤더 파일</Filter>
    </ClInclude>
    <ClInclude Include="LoginServer\MonitorClient.h">
      <Filter>헤더 파일</Filter>
    </ClInclude>
    <ClInclude Include="LoginServer\Player.h">
      <Filter>헤더 파일</Filter>
    </ClInclude>
    <ClInclude Include="LoginServer\Job.h">
      <Filter>헤더 파일</Filter>
    </ClInclude>
    <ClInclude Include="LoginServer\PacketGenerator.h">
      <Filter>헤더 파일</Filter>
    </ClInclude>
  </ItemGroup>
</Project>
